
Microsoft Visual Studio Solution File, Format Version 12.00
# Visual Studio 15
VisualStudioVersion = 15.0.28307.572
MinimumVisualStudioVersion = 10.0.40219.1
Project("{FAE04EC0-301F-11D3-BF4B-00C04F79EFBC}") = "JDI.Light.Core", "JDI.Light.Core\JDI.Light.Core.csproj", "{343CDA64-58A1-4F36-9B4C-E43EA7E6EE96}"
EndProject
Project("{FAE04EC0-301F-11D3-BF4B-00C04F79EFBC}") = "JDI.Light.Core.Tests", "JDI.Light.Core.Tests\JDI.Light.Core.Tests.csproj", "{B4244BE4-E20A-4A16-A4E8-5948D8373E9B}"
EndProject
Global
	GlobalSection(SolutionConfigurationPlatforms) = preSolution
		Debug|Any CPU = Debug|Any CPU
		Release|Any CPU = Release|Any CPU
	EndGlobalSection
	GlobalSection(ProjectConfigurationPlatforms) = postSolution
		{343CDA64-58A1-4F36-9B4C-E43EA7E6EE96}.Debug|Any CPU.ActiveCfg = Debug|Any CPU
		{343CDA64-58A1-4F36-9B4C-E43EA7E6EE96}.Debug|Any CPU.Build.0 = Debug|Any CPU
		{343CDA64-58A1-4F36-9B4C-E43EA7E6EE96}.Release|Any CPU.ActiveCfg = Release|Any CPU
		{343CDA64-58A1-4F36-9B4C-E43EA7E6EE96}.Release|Any CPU.Build.0 = Release|Any CPU
		{B4244BE4-E20A-4A16-A4E8-5948D8373E9B}.Debug|Any CPU.ActiveCfg = Debug|Any CPU
		{B4244BE4-E20A-4A16-A4E8-5948D8373E9B}.Debug|Any CPU.Build.0 = Debug|Any CPU
		{B4244BE4-E20A-4A16-A4E8-5948D8373E9B}.Release|Any CPU.ActiveCfg = Release|Any CPU
		{B4244BE4-E20A-4A16-A4E8-5948D8373E9B}.Release|Any CPU.Build.0 = Release|Any CPU
	EndGlobalSection
	GlobalSection(SolutionProperties) = preSolution
		HideSolutionNode = FALSE
	EndGlobalSection
	GlobalSection(ExtensibilityGlobals) = postSolution
		SolutionGuid = {7EBE2758-4309-443C-9DD2-996FFC08C7DA}
	EndGlobalSection
EndGlobal
